// !$*UTF8*$!
{
	archiveVersion = 1;
	classes = {
	};
	objectVersion = 77;
	objects = {

/* Begin PBXBuildFile section */
		CE03DDFD2D37ADA4001A141E /* Nuke in Frameworks */ = {isa = PBXBuildFile; productRef = CE03DDFC2D37ADA4001A141E /* Nuke */; };
		CE03DDFF2D37ADA4001A141E /* NukeExtensions in Frameworks */ = {isa = PBXBuildFile; productRef = CE03DDFE2D37ADA4001A141E /* NukeExtensions */; };
		CE03DE012D37ADA4001A141E /* NukeUI in Frameworks */ = {isa = PBXBuildFile; productRef = CE03DE002D37ADA4001A141E /* NukeUI */; };
		CE03DE032D37ADA4001A141E /* NukeVideo in Frameworks */ = {isa = PBXBuildFile; productRef = CE03DE022D37ADA4001A141E /* NukeVideo */; };
/* End PBXBuildFile section */

/* Begin PBXContainerItemProxy section */
		CE01FF292D34F4010059214B /* PBXContainerItemProxy */ = {
			isa = PBXContainerItemProxy;
			containerPortal = CE01FF102D34F4000059214B /* Project object */;
			proxyType = 1;
			remoteGlobalIDString = CE01FF172D34F4000059214B;
			remoteInfo = TymeXHomeTest;
		};
		CE01FF332D34F4010059214B /* PBXContainerItemProxy */ = {
			isa = PBXContainerItemProxy;
			containerPortal = CE01FF102D34F4000059214B /* Project object */;
			proxyType = 1;
			remoteGlobalIDString = CE01FF172D34F4000059214B;
			remoteInfo = TymeXHomeTest;
		};
/* End PBXContainerItemProxy section */

/* Begin PBXFileReference section */
		CE01FF182D34F4000059214B /* TymeXHomeTest.app */ = {isa = PBXFileReference; explicitFileType = wrapper.application; includeInIndex = 0; path = TymeXHomeTest.app; sourceTree = BUILT_PRODUCTS_DIR; };
		CE01FF282D34F4010059214B /* TymeXHomeTestTests.xctest */ = {isa = PBXFileReference; explicitFileType = wrapper.cfbundle; includeInIndex = 0; path = TymeXHomeTestTests.xctest; sourceTree = BUILT_PRODUCTS_DIR; };
		CE01FF322D34F4010059214B /* TymeXHomeTestUITests.xctest */ = {isa = PBXFileReference; explicitFileType = wrapper.cfbundle; includeInIndex = 0; path = TymeXHomeTestUITests.xctest; sourceTree = BUILT_PRODUCTS_DIR; };
/* End PBXFileReference section */

/* Begin PBXFileSystemSynchronizedRootGroup section */
		CE01FF1A2D34F4000059214B /* TymeXHomeTest */ = {
			isa = PBXFileSystemSynchronizedRootGroup;
			path = TymeXHomeTest;
			sourceTree = "<group>";
		};
		CE01FF2B2D34F4010059214B /* TymeXHomeTestTests */ = {
			isa = PBXFileSystemSynchronizedRootGroup;
			path = TymeXHomeTestTests;
			sourceTree = "<group>";
		};
		CE01FF352D34F4010059214B /* TymeXHomeTestUITests */ = {
			isa = PBXFileSystemSynchronizedRootGroup;
			path = TymeXHomeTestUITests;
			sourceTree = "<group>";
		};
/* End PBXFileSystemSynchronizedRootGroup section */

/* Begin PBXFrameworksBuildPhase section */
		CE01FF152D34F4000059214B /* Frameworks */ = {
			isa = PBXFrameworksBuildPhase;
			buildActionMask = 2147483647;
			files = (
				CE03DE012D37ADA4001A141E /* NukeUI in Frameworks */,
				CE03DDFD2D37ADA4001A141E /* Nuke in Frameworks */,
				CE03DDFF2D37ADA4001A141E /* NukeExtensions in Frameworks */,
				CE03DE032D37ADA4001A141E /* NukeVideo in Frameworks */,
			);
			runOnlyForDeploymentPostprocessing = 0;
		};
		CE01FF252D34F4010059214B /* Frameworks */ = {
			isa = PBXFrameworksBuildPhase;
			buildActionMask = 2147483647;
			files = (
			);
			runOnlyForDeploymentPostprocessing = 0;
		};
		CE01FF2F2D34F4010059214B /* Frameworks */ = {
			isa = PBXFrameworksBuildPhase;
			buildActionMask = 2147483647;
			files = (
			);
			runOnlyForDeploymentPostprocessing = 0;
		};
/* End PBXFrameworksBuildPhase section */

/* Begin PBXGroup section */
		CE01FF0F2D34F4000059214B = {
			isa = PBXGroup;
			children = (
				CE01FF1A2D34F4000059214B /* TymeXHomeTest */,
				CE01FF2B2D34F4010059214B /* TymeXHomeTestTests */,
				CE01FF352D34F4010059214B /* TymeXHomeTestUITests */,
				CE01FF192D34F4000059214B /* Products */,
			);
			sourceTree = "<group>";
		};
		CE01FF192D34F4000059214B /* Products */ = {
			isa = PBXGroup;
			children = (
				CE01FF182D34F4000059214B /* TymeXHomeTest.app */,
				CE01FF282D34F4010059214B /* TymeXHomeTestTests.xctest */,
				CE01FF322D34F4010059214B /* TymeXHomeTestUITests.xctest */,
			);
			name = Products;
			sourceTree = "<group>";
		};
/* End PBXGroup section */

/* Begin PBXNativeTarget section */
		CE01FF172D34F4000059214B /* TymeXHomeTest */ = {
			isa = PBXNativeTarget;
			buildConfigurationList = CE01FF3C2D34F4010059214B /* Build configuration list for PBXNativeTarget "TymeXHomeTest" */;
			buildPhases = (
				CE01FF142D34F4000059214B /* Sources */,
				CE01FF152D34F4000059214B /* Frameworks */,
				CE01FF162D34F4000059214B /* Resources */,
			);
			buildRules = (
			);
			dependencies = (
			);
			fileSystemSynchronizedGroups = (
				CE01FF1A2D34F4000059214B /* TymeXHomeTest */,
			);
			name = TymeXHomeTest;
			packageProductDependencies = (
				CE03DDFC2D37ADA4001A141E /* Nuke */,
				CE03DDFE2D37ADA4001A141E /* NukeExtensions */,
				CE03DE002D37ADA4001A141E /* NukeUI */,
				CE03DE022D37ADA4001A141E /* NukeVideo */,
			);
			productName = TymeXHomeTest;
			productReference = CE01FF182D34F4000059214B /* TymeXHomeTest.app */;
			productType = "com.apple.product-type.application";
		};
		CE01FF272D34F4010059214B /* TymeXHomeTestTests */ = {
			isa = PBXNativeTarget;
			buildConfigurationList = CE01FF3F2D34F4010059214B /* Build configuration list for PBXNativeTarget "TymeXHomeTestTests" */;
			buildPhases = (
				CE01FF242D34F4010059214B /* Sources */,
				CE01FF252D34F4010059214B /* Frameworks */,
				CE01FF262D34F4010059214B /* Resources */,
			);
			buildRules = (
			);
			dependencies = (
				CE01FF2A2D34F4010059214B /* PBXTargetDependency */,
			);
			fileSystemSynchronizedGroups = (
				CE01FF2B2D34F4010059214B /* TymeXHomeTestTests */,
			);
			name = TymeXHomeTestTests;
			packageProductDependencies = (
			);
			productName = TymeXHomeTestTests;
			productReference = CE01FF282D34F4010059214B /* TymeXHomeTestTests.xctest */;
			productType = "com.apple.product-type.bundle.unit-test";
		};
		CE01FF312D34F4010059214B /* TymeXHomeTestUITests */ = {
			isa = PBXNativeTarget;
			buildConfigurationList = CE01FF422D34F4010059214B /* Build configuration list for PBXNativeTarget "TymeXHomeTestUITests" */;
			buildPhases = (
				CE01FF2E2D34F4010059214B /* Sources */,
				CE01FF2F2D34F4010059214B /* Frameworks */,
				CE01FF302D34F4010059214B /* Resources */,
			);
			buildRules = (
			);
			dependencies = (
				CE01FF342D34F4010059214B /* PBXTargetDependency */,
			);
			fileSystemSynchronizedGroups = (
				CE01FF352D34F4010059214B /* TymeXHomeTestUITests */,
			);
			name = TymeXHomeTestUITests;
			packageProductDependencies = (
			);
			productName = TymeXHomeTestUITests;
			productReference = CE01FF322D34F4010059214B /* TymeXHomeTestUITests.xctest */;
			productType = "com.apple.product-type.bundle.ui-testing";
		};
/* End PBXNativeTarget section */

/* Begin PBXProject section */
		CE01FF102D34F4000059214B /* Project object */ = {
			isa = PBXProject;
			attributes = {
				BuildIndependentTargetsInParallel = 1;
				LastSwiftUpdateCheck = 1600;
				LastUpgradeCheck = 1600;
				TargetAttributes = {
					CE01FF172D34F4000059214B = {
						CreatedOnToolsVersion = 16.0;
					};
					CE01FF272D34F4010059214B = {
						CreatedOnToolsVersion = 16.0;
						TestTargetID = CE01FF172D34F4000059214B;
					};
					CE01FF312D34F4010059214B = {
						CreatedOnToolsVersion = 16.0;
						TestTargetID = CE01FF172D34F4000059214B;
					};
				};
			};
			buildConfigurationList = CE01FF132D34F4000059214B /* Build configuration list for PBXProject "TymeXHomeTest" */;
			developmentRegion = en;
			hasScannedForEncodings = 0;
			knownRegions = (
				en,
				Base,
			);
			mainGroup = CE01FF0F2D34F4000059214B;
			minimizedProjectReferenceProxies = 1;
			packageReferences = (
				CE03DDFB2D37ADA4001A141E /* XCRemoteSwiftPackageReference "Nuke" */,
			);
			preferredProjectObjectVersion = 77;
			productRefGroup = CE01FF192D34F4000059214B /* Products */;
			projectDirPath = "";
			projectRoot = "";
			targets = (
				CE01FF172D34F4000059214B /* TymeXHomeTest */,
				CE01FF272D34F4010059214B /* TymeXHomeTestTests */,
				CE01FF312D34F4010059214B /* TymeXHomeTestUITests */,
			);
		};
/* End PBXProject section */

/* Begin PBXResourcesBuildPhase section */
		CE01FF162D34F4000059214B /* Resources */ = {
			isa = PBXResourcesBuildPhase;
			buildActionMask = 2147483647;
			files = (
			);
			runOnlyForDeploymentPostprocessing = 0;
		};
		CE01FF262D34F4010059214B /* Resources */ = {
			isa = PBXResourcesBuildPhase;
			buildActionMask = 2147483647;
			files = (
			);
			runOnlyForDeploymentPostprocessing = 0;
		};
		CE01FF302D34F4010059214B /* Resources */ = {
			isa = PBXResourcesBuildPhase;
			buildActionMask = 2147483647;
			files = (
			);
			runOnlyForDeploymentPostprocessing = 0;
		};
/* End PBXResourcesBuildPhase section */

/* Begin PBXSourcesBuildPhase section */
		CE01FF142D34F4000059214B /* Sources */ = {
			isa = PBXSourcesBuildPhase;
			buildActionMask = 2147483647;
			files = (
			);
			runOnlyForDeploymentPostprocessing = 0;
		};
		CE01FF242D34F4010059214B /* Sources */ = {
			isa = PBXSourcesBuildPhase;
			buildActionMask = 2147483647;
			files = (
			);
			runOnlyForDeploymentPostprocessing = 0;
		};
		CE01FF2E2D34F4010059214B /* Sources */ = {
			isa = PBXSourcesBuildPhase;
			buildActionMask = 2147483647;
			files = (
			);
			runOnlyForDeploymentPostprocessing = 0;
		};
/* End PBXSourcesBuildPhase section */

/* Begin PBXTargetDependency section */
		CE01FF2A2D34F4010059214B /* PBXTargetDependency */ = {
			isa = PBXTargetDependency;
			target = CE01FF172D34F4000059214B /* TymeXHomeTest */;
			targetProxy = CE01FF292D34F4010059214B /* PBXContainerItemProxy */;
		};
		CE01FF342D34F4010059214B /* PBXTargetDependency */ = {
			isa = PBXTargetDependency;
			target = CE01FF172D34F4000059214B /* TymeXHomeTest */;
			targetProxy = CE01FF332D34F4010059214B /* PBXContainerItemProxy */;
		};
/* End PBXTargetDependency section */

/* Begin XCBuildConfiguration section */
		CE01FF3A2D34F4010059214B /* Debug */ = {
			isa = XCBuildConfiguration;
			buildSettings = {
				ALWAYS_SEARCH_USER_PATHS = NO;
				ASSETCATALOG_COMPILER_GENERATE_SWIFT_ASSET_SYMBOL_EXTENSIONS = YES;
				CLANG_ANALYZER_NONNULL = YES;
				CLANG_ANALYZER_NUMBER_OBJECT_CONVERSION = YES_AGGRESSIVE;
				CLANG_CXX_LANGUAGE_STANDARD = "gnu++20";
				CLANG_ENABLE_MODULES = YES;
				CLANG_ENABLE_OBJC_ARC = YES;
				CLANG_ENABLE_OBJC_WEAK = YES;
				CLANG_WARN_BLOCK_CAPTURE_AUTORELEASING = YES;
				CLANG_WARN_BOOL_CONVERSION = YES;
				CLANG_WARN_COMMA = YES;
				CLANG_WARN_CONSTANT_CONVERSION = YES;
				CLANG_WARN_DEPRECATED_OBJC_IMPLEMENTATIONS = YES;
				CLANG_WARN_DIRECT_OBJC_ISA_USAGE = YES_ERROR;
				CLANG_WARN_DOCUMENTATION_COMMENTS = YES;
				CLANG_WARN_EMPTY_BODY = YES;
				CLANG_WARN_ENUM_CONVERSION = YES;
				CLANG_WARN_INFINITE_RECURSION = YES;
				CLANG_WARN_INT_CONVERSION = YES;
				CLANG_WARN_NON_LITERAL_NULL_CONVERSION = YES;
				CLANG_WARN_OBJC_IMPLICIT_RETAIN_SELF = YES;
				CLANG_WARN_OBJC_LITERAL_CONVERSION = YES;
				CLANG_WARN_OBJC_ROOT_CLASS = YES_ERROR;
				CLANG_WARN_QUOTED_INCLUDE_IN_FRAMEWORK_HEADER = YES;
				CLANG_WARN_RANGE_LOOP_ANALYSIS = YES;
				CLANG_WARN_STRICT_PROTOTYPES = YES;
				CLANG_WARN_SUSPICIOUS_MOVE = YES;
				CLANG_WARN_UNGUARDED_AVAILABILITY = YES_AGGRESSIVE;
				CLANG_WARN_UNREACHABLE_CODE = YES;
				CLANG_WARN__DUPLICATE_METHOD_MATCH = YES;
				COPY_PHASE_STRIP = NO;
				DEBUG_INFORMATION_FORMAT = dwarf;
				ENABLE_STRICT_OBJC_MSGSEND = YES;
				ENABLE_TESTABILITY = YES;
				ENABLE_USER_SCRIPT_SANDBOXING = YES;
				GCC_C_LANGUAGE_STANDARD = gnu17;
				GCC_DYNAMIC_NO_PIC = NO;
				GCC_NO_COMMON_BLOCKS = YES;
				GCC_OPTIMIZATION_LEVEL = 0;
				GCC_PREPROCESSOR_DEFINITIONS = (
					"DEBUG=1",
					"$(inherited)",
				);
				GCC_WARN_64_TO_32_BIT_CONVERSION = YES;
				GCC_WARN_ABOUT_RETURN_TYPE = YES_ERROR;
				GCC_WARN_UNDECLARED_SELECTOR = YES;
				GCC_WARN_UNINITIALIZED_AUTOS = YES_AGGRESSIVE;
				GCC_WARN_UNUSED_FUNCTION = YES;
				GCC_WARN_UNUSED_VARIABLE = YES;
				IPHONEOS_DEPLOYMENT_TARGET = 18.0;
				LOCALIZATION_PREFERS_STRING_CATALOGS = YES;
				MTL_ENABLE_DEBUG_INFO = INCLUDE_SOURCE;
				MTL_FAST_MATH = YES;
				ONLY_ACTIVE_ARCH = YES;
				SDKROOT = iphoneos;
				SWIFT_ACTIVE_COMPILATION_CONDITIONS = "DEBUG $(inherited)";
				SWIFT_OPTIMIZATION_LEVEL = "-Onone";
			};
			name = Debug;
		};
		CE01FF3B2D34F4010059214B /* Release */ = {
			isa = XCBuildConfiguration;
			buildSettings = {
				ALWAYS_SEARCH_USER_PATHS = NO;
				ASSETCATALOG_COMPILER_GENERATE_SWIFT_ASSET_SYMBOL_EXTENSIONS = YES;
				CLANG_ANALYZER_NONNULL = YES;
				CLANG_ANALYZER_NUMBER_OBJECT_CONVERSION = YES_AGGRESSIVE;
				CLANG_CXX_LANGUAGE_STANDARD = "gnu++20";
				CLANG_ENABLE_MODULES = YES;
				CLANG_ENABLE_OBJC_ARC = YES;
				CLANG_ENABLE_OBJC_WEAK = YES;
				CLANG_WARN_BLOCK_CAPTURE_AUTORELEASING = YES;
				CLANG_WARN_BOOL_CONVERSION = YES;
				CLANG_WARN_COMMA = YES;
				CLANG_WARN_CONSTANT_CONVERSION = YES;
				CLANG_WARN_DEPRECATED_OBJC_IMPLEMENTATIONS = YES;
				CLANG_WARN_DIRECT_OBJC_ISA_USAGE = YES_ERROR;
				CLANG_WARN_DOCUMENTATION_COMMENTS = YES;
				CLANG_WARN_EMPTY_BODY = YES;
				CLANG_WARN_ENUM_CONVERSION = YES;
				CLANG_WARN_INFINITE_RECURSION = YES;
				CLANG_WARN_INT_CONVERSION = YES;
				CLANG_WARN_NON_LITERAL_NULL_CONVERSION = YES;
				CLANG_WARN_OBJC_IMPLICIT_RETAIN_SELF = YES;
				CLANG_WARN_OBJC_LITERAL_CONVERSION = YES;
				CLANG_WARN_OBJC_ROOT_CLASS = YES_ERROR;
				CLANG_WARN_QUOTED_INCLUDE_IN_FRAMEWORK_HEADER = YES;
				CLANG_WARN_RANGE_LOOP_ANALYSIS = YES;
				CLANG_WARN_STRICT_PROTOTYPES = YES;
				CLANG_WARN_SUSPICIOUS_MOVE = YES;
				CLANG_WARN_UNGUARDED_AVAILABILITY = YES_AGGRESSIVE;
				CLANG_WARN_UNREACHABLE_CODE = YES;
				CLANG_WARN__DUPLICATE_METHOD_MATCH = YES;
				COPY_PHASE_STRIP = NO;
				DEBUG_INFORMATION_FORMAT = "dwarf-with-dsym";
				ENABLE_NS_ASSERTIONS = NO;
				ENABLE_STRICT_OBJC_MSGSEND = YES;
				ENABLE_USER_SCRIPT_SANDBOXING = YES;
				GCC_C_LANGUAGE_STANDARD = gnu17;
				GCC_NO_COMMON_BLOCKS = YES;
				GCC_WARN_64_TO_32_BIT_CONVERSION = YES;
				GCC_WARN_ABOUT_RETURN_TYPE = YES_ERROR;
				GCC_WARN_UNDECLARED_SELECTOR = YES;
				GCC_WARN_UNINITIALIZED_AUTOS = YES_AGGRESSIVE;
				GCC_WARN_UNUSED_FUNCTION = YES;
				GCC_WARN_UNUSED_VARIABLE = YES;
				IPHONEOS_DEPLOYMENT_TARGET = 18.0;
				LOCALIZATION_PREFERS_STRING_CATALOGS = YES;
				MTL_ENABLE_DEBUG_INFO = NO;
				MTL_FAST_MATH = YES;
				SDKROOT = iphoneos;
				SWIFT_COMPILATION_MODE = wholemodule;
				VALIDATE_PRODUCT = YES;
			};
			name = Release;
		};
		CE01FF3D2D34F4010059214B /* Debug */ = {
			isa = XCBuildConfiguration;
			buildSettings = {
				ASSETCATALOG_COMPILER_APPICON_NAME = AppIcon;
				ASSETCATALOG_COMPILER_GLOBAL_ACCENT_COLOR_NAME = AccentColor;
				CODE_SIGN_STYLE = Automatic;
				CURRENT_PROJECT_VERSION = 1;
				DEVELOPMENT_ASSET_PATHS = "\"TymeXHomeTest/Preview Content\"";
				DEVELOPMENT_TEAM = T5H22WVQM9;
				ENABLE_PREVIEWS = YES;
				GENERATE_INFOPLIST_FILE = YES;
				INFOPLIST_KEY_UIApplicationSceneManifest_Generation = YES;
				INFOPLIST_KEY_UIApplicationSupportsIndirectInputEvents = YES;
				INFOPLIST_KEY_UILaunchScreen_Generation = YES;
				INFOPLIST_KEY_UISupportedInterfaceOrientations_iPad = "UIInterfaceOrientationPortrait UIInterfaceOrientationPortraitUpsideDown UIInterfaceOrientationLandscapeLeft UIInterfaceOrientationLandscapeRight";
				INFOPLIST_KEY_UISupportedInterfaceOrientations_iPhone = "UIInterfaceOrientationPortrait UIInterfaceOrientationLandscapeLeft UIInterfaceOrientationLandscapeRight";
				LD_RUNPATH_SEARCH_PATHS = (
					"$(inherited)",
					"@executable_path/Frameworks",
				);
				MARKETING_VERSION = 1.0;
				PRODUCT_BUNDLE_IDENTIFIER = VuThanhDo.TymeXHomeTest;
				PRODUCT_NAME = "$(TARGET_NAME)";
				SWIFT_EMIT_LOC_STRINGS = YES;
				SWIFT_VERSION = 5.0;
				TARGETED_DEVICE_FAMILY = "1,2";
			};
			name = Debug;
		};
		CE01FF3E2D34F4010059214B /* Release */ = {
			isa = XCBuildConfiguration;
			buildSettings = {
				ASSETCATALOG_COMPILER_APPICON_NAME = AppIcon;
				ASSETCATALOG_COMPILER_GLOBAL_ACCENT_COLOR_NAME = AccentColor;
				CODE_SIGN_STYLE = Automatic;
				CURRENT_PROJECT_VERSION = 1;
				DEVELOPMENT_ASSET_PATHS = "\"TymeXHomeTest/Preview Content\"";
				DEVELOPMENT_TEAM = T5H22WVQM9;
				ENABLE_PREVIEWS = YES;
				GENERATE_INFOPLIST_FILE = YES;
				INFOPLIST_KEY_UIApplicationSceneManifest_Generation = YES;
				INFOPLIST_KEY_UIApplicationSupportsIndirectInputEvents = YES;
				INFOPLIST_KEY_UILaunchScreen_Generation = YES;
				INFOPLIST_KEY_UISupportedInterfaceOrientations_iPad = "UIInterfaceOrientationPortrait UIInterfaceOrientationPortraitUpsideDown UIInterfaceOrientationLandscapeLeft UIInterfaceOrientationLandscapeRight";
				INFOPLIST_KEY_UISupportedInterfaceOrientations_iPhone = "UIInterfaceOrientationPortrait UIInterfaceOrientationLandscapeLeft UIInterfaceOrientationLandscapeRight";
				LD_RUNPATH_SEARCH_PATHS = (
					"$(inherited)",
					"@executable_path/Frameworks",
				);
				MARKETING_VERSION = 1.0;
				PRODUCT_BUNDLE_IDENTIFIER = VuThanhDo.TymeXHomeTest;
				PRODUCT_NAME = "$(TARGET_NAME)";
				SWIFT_EMIT_LOC_STRINGS = YES;
				SWIFT_VERSION = 5.0;
				TARGETED_DEVICE_FAMILY = "1,2";
			};
			name = Release;
		};
		CE01FF402D34F4010059214B /* Debug */ = {
			isa = XCBuildConfiguration;
			buildSettings = {
				BUNDLE_LOADER = "$(TEST_HOST)";
				CODE_SIGN_STYLE = Automatic;
				CURRENT_PROJECT_VERSION = 1;
				DEVELOPMENT_TEAM = T5H22WVQM9;
				GENERATE_INFOPLIST_FILE = YES;
				IPHONEOS_DEPLOYMENT_TARGET = 18.0;
				MARKETING_VERSION = 1.0;
				PRODUCT_BUNDLE_IDENTIFIER = VuThanhDo.TymeXHomeTestTests;
				PRODUCT_NAME = "$(TARGET_NAME)";
				SWIFT_EMIT_LOC_STRINGS = NO;
				SWIFT_VERSION = 5.0;
				TARGETED_DEVICE_FAMILY = "1,2";
				TEST_HOST = "$(BUILT_PRODUCTS_DIR)/TymeXHomeTest.app/$(BUNDLE_EXECUTABLE_FOLDER_PATH)/TymeXHomeTest";
			};
			name = Debug;
		};
		CE01FF412D34F4010059214B /* Release */ = {
			isa = XCBuildConfiguration;
			buildSettings = {
				BUNDLE_LOADER = "$(TEST_HOST)";
				CODE_SIGN_STYLE = Automatic;
				CURRENT_PROJECT_VERSION = 1;
				DEVELOPMENT_TEAM = T5H22WVQM9;
				GENERATE_INFOPLIST_FILE = YES;
				IPHONEOS_DEPLOYMENT_TARGET = 18.0;
				MARKETING_VERSION = 1.0;
				PRODUCT_BUNDLE_IDENTIFIER = VuThanhDo.TymeXHomeTestTests;
				PRODUCT_NAME = "$(TARGET_NAME)";
				SWIFT_EMIT_LOC_STRINGS = NO;
				SWIFT_VERSION = 5.0;
				TARGETED_DEVICE_FAMILY = "1,2";
				TEST_HOST = "$(BUILT_PRODUCTS_DIR)/TymeXHomeTest.app/$(BUNDLE_EXECUTABLE_FOLDER_PATH)/TymeXHomeTest";
			};
			name = Release;
		};
		CE01FF432D34F4010059214B /* Debug */ = {
			isa = XCBuildConfiguration;
			buildSettings = {
				CODE_SIGN_STYLE = Automatic;
				CURRENT_PROJECT_VERSION = 1;
				DEVELOPMENT_TEAM = T5H22WVQM9;
				GENERATE_INFOPLIST_FILE = YES;
				MARKETING_VERSION = 1.0;
				PRODUCT_BUNDLE_IDENTIFIER = VuThanhDo.TymeXHomeTestUITests;
				PRODUCT_NAME = "$(TARGET_NAME)";
				SWIFT_EMIT_LOC_STRINGS = NO;
				SWIFT_VERSION = 5.0;
				TARGETED_DEVICE_FAMILY = "1,2";
				TEST_TARGET_NAME = TymeXHomeTest;
			};
			name = Debug;
		};
		CE01FF442D34F4010059214B /* Release */ = {
			isa = XCBuildConfiguration;
			buildSettings = {
				CODE_SIGN_STYLE = Automatic;
				CURRENT_PROJECT_VERSION = 1;
				DEVELOPMENT_TEAM = T5H22WVQM9;
				GENERATE_INFOPLIST_FILE = YES;
				MARKETING_VERSION = 1.0;
				PRODUCT_BUNDLE_IDENTIFIER = VuThanhDo.TymeXHomeTestUITests;
				PRODUCT_NAME = "$(TARGET_NAME)";
				SWIFT_EMIT_LOC_STRINGS = NO;
				SWIFT_VERSION = 5.0;
				TARGETED_DEVICE_FAMILY = "1,2";
				TEST_TARGET_NAME = TymeXHomeTest;
			};
			name = Release;
		};
/* End XCBuildConfiguration section */

/* Begin XCConfigurationList section */
		CE01FF132D34F4000059214B /* Build configuration list for PBXProject "TymeXHomeTest" */ = {
			isa = XCConfigurationList;
			buildConfigurations = (
				CE01FF3A2D34F4010059214B /* Debug */,
				CE01FF3B2D34F4010059214B /* Release */,
			);
			defaultConfigurationIsVisible = 0;
			defaultConfigurationName = Release;
		};
		CE01FF3C2D34F4010059214B /* Build configuration list for PBXNativeTarget "TymeXHomeTest" */ = {
			isa = XCConfigurationList;
			buildConfigurations = (
				CE01FF3D2D34F4010059214B /* Debug */,
				CE01FF3E2D34F4010059214B /* Release */,
			);
			defaultConfigurationIsVisible = 0;
			defaultConfigurationName = Release;
		};
		CE01FF3F2D34F4010059214B /* Build configuration list for PBXNativeTarget "TymeXHomeTestTests" */ = {
			isa = XCConfigurationList;
			buildConfigurations = (
				CE01FF402D34F4010059214B /* Debug */,
				CE01FF412D34F4010059214B /* Release */,
			);
			defaultConfigurationIsVisible = 0;
			defaultConfigurationName = Release;
		};
		CE01FF422D34F4010059214B /* Build configuration list for PBXNativeTarget "TymeXHomeTestUITests" */ = {
			isa = XCConfigurationList;
			buildConfigurations = (
				CE01FF432D34F4010059214B /* Debug */,
				CE01FF442D34F4010059214B /* Release */,
			);
			defaultConfigurationIsVisible = 0;
			defaultConfigurationName = Release;
		};
/* End XCConfigurationList section */

/* Begin XCRemoteSwiftPackageReference section */
		CE03DDFB2D37ADA4001A141E /* XCRemoteSwiftPackageReference "Nuke" */ = {
			isa = XCRemoteSwiftPackageReference;
			repositoryURL = "https://github.com/kean/Nuke";
			requirement = {
				kind = upToNextMajorVersion;
				minimumVersion = 12.8.0;
			};
		};
/* End XCRemoteSwiftPackageReference section */

/* Begin XCSwiftPackageProductDependency section */
		CE03DDFC2D37ADA4001A141E /* Nuke */ = {
			isa = XCSwiftPackageProductDependency;
			package = CE03DDFB2D37ADA4001A141E /* XCRemoteSwiftPackageReference "Nuke" */;
			productName = Nuke;
		};
		CE03DDFE2D37ADA4001A141E /* NukeExtensions */ = {
			isa = XCSwiftPackageProductDependency;
			package = CE03DDFB2D37ADA4001A141E /* XCRemoteSwiftPackageReference "Nuke" */;
			productName = NukeExtensions;
		};
		CE03DE002D37ADA4001A141E /* NukeUI */ = {
			isa = XCSwiftPackageProductDependency;
			package = CE03DDFB2D37ADA4001A141E /* XCRemoteSwiftPackageReference "Nuke" */;
			productName = NukeUI;
		};
		CE03DE022D37ADA4001A141E /* NukeVideo */ = {
			isa = XCSwiftPackageProductDependency;
			package = CE03DDFB2D37ADA4001A141E /* XCRemoteSwiftPackageReference "Nuke" */;
			productName = NukeVideo;
		};
/* End XCSwiftPackageProductDependency section */
	};
	rootObject = CE01FF102D34F4000059214B /* Project object */;
}
